
Microsoft Visual Studio Solution File, Format Version 12.00
# Visual Studio Version 16
VisualStudioVersion = 16.0.30225.117
MinimumVisualStudioVersion = 10.0.40219.1
Project("{9A19103F-16F7-4668-BE54-9A1E7A4F7556}") = "WhiteBoard", "WhiteBoard\WhiteBoard.csproj", "{C608842A-F2EB-4344-9BAA-8440F524B09B}"
EndProject
Project("{9A19103F-16F7-4668-BE54-9A1E7A4F7556}") = "Reverse String", "Reverse String\Reverse String.csproj", "{EB322EEC-3E4D-467B-BD21-6743B961A3B2}"
EndProject
Project("{9A19103F-16F7-4668-BE54-9A1E7A4F7556}") = "compare", "compare\compare.csproj", "{91E82EE2-36FD-4E39-8CF2-7045CE4D9DC1}"
EndProject
Project("{9A19103F-16F7-4668-BE54-9A1E7A4F7556}") = "Tuition", "Tuition\Tuition.csproj", "{F6CC59D7-253A-4B50-A59F-48112B330323}"
EndProject
Project("{9A19103F-16F7-4668-BE54-9A1E7A4F7556}") = "ConvertingToInches", "ConvertingToInches\ConvertingToInches.csproj", "{1D1B3DD4-45AC-488F-A976-856B2B211BF6}"
EndProject
Project("{9A19103F-16F7-4668-BE54-9A1E7A4F7556}") = "Palindrome", "Palindrome\Palindrome.csproj", "{35DB8565-75FB-44B3-A844-0CB4E07A3C4F}"
EndProject
Project("{9A19103F-16F7-4668-BE54-9A1E7A4F7556}") = "TimeFunctiont", "TimeFunctiont\TimeFunctiont.csproj", "{8092902A-6538-458A-A309-65CDEC75AF63}"
EndProject
Project("{9A19103F-16F7-4668-BE54-9A1E7A4F7556}") = "TimeFunction", "TimeFunction\TimeFunction.csproj", "{3EDC7E4A-27FA-4C95-AB3A-4A022629A3B5}"
EndProject
Project("{9A19103F-16F7-4668-BE54-9A1E7A4F7556}") = "Geometry", "Geometry\Geometry.csproj", "{78DEF2E7-1487-4748-9E41-9FE961636279}"
EndProject
Project("{9A19103F-16F7-4668-BE54-9A1E7A4F7556}") = "GeometryTest", "GeometryTest\GeometryTest.csproj", "{503DA02D-C804-4371-BF4D-72E13A45D0CC}"
EndProject
Project("{9A19103F-16F7-4668-BE54-9A1E7A4F7556}") = "Circles", "Circles\Circles.csproj", "{1071C5DB-1DF7-4059-AFFD-6486FBD99667}"
EndProject
Project("{9A19103F-16F7-4668-BE54-9A1E7A4F7556}") = "CirclesTest", "CirclesTest\CirclesTest.csproj", "{A9D52CC9-0AB6-4909-9F02-397938766B9F}"
EndProject
Project("{9A19103F-16F7-4668-BE54-9A1E7A4F7556}") = "PrimNumbers", "PrimNumbers\PrimNumbers.csproj", "{AEE3B0CE-CB1D-45CA-B612-8FA94889FE5A}"
EndProject
Project("{FAE04EC0-301F-11D3-BF4B-00C04F79EFBC}") = "IntArray", "IntArray\IntArray.csproj", "{96B3CAD0-A43C-405F-89C5-263323B89F9D}"
EndProject
Project("{FAE04EC0-301F-11D3-BF4B-00C04F79EFBC}") = "IntArrayTest", "ArrayDistinct\IntArrayTest.csproj", "{2A62B53E-4734-4F72-B545-61A7CE7DDEDF}"
EndProject
Global
	GlobalSection(SolutionConfigurationPlatforms) = preSolution
		Debug|Any CPU = Debug|Any CPU
		Release|Any CPU = Release|Any CPU
	EndGlobalSection
	GlobalSection(ProjectConfigurationPlatforms) = postSolution
		{C608842A-F2EB-4344-9BAA-8440F524B09B}.Debug|Any CPU.ActiveCfg = Debug|Any CPU
		{C608842A-F2EB-4344-9BAA-8440F524B09B}.Debug|Any CPU.Build.0 = Debug|Any CPU
		{C608842A-F2EB-4344-9BAA-8440F524B09B}.Release|Any CPU.ActiveCfg = Release|Any CPU
		{C608842A-F2EB-4344-9BAA-8440F524B09B}.Release|Any CPU.Build.0 = Release|Any CPU
		{EB322EEC-3E4D-467B-BD21-6743B961A3B2}.Debug|Any CPU.ActiveCfg = Debug|Any CPU
		{EB322EEC-3E4D-467B-BD21-6743B961A3B2}.Debug|Any CPU.Build.0 = Debug|Any CPU
		{EB322EEC-3E4D-467B-BD21-6743B961A3B2}.Release|Any CPU.ActiveCfg = Release|Any CPU
		{EB322EEC-3E4D-467B-BD21-6743B961A3B2}.Release|Any CPU.Build.0 = Release|Any CPU
		{91E82EE2-36FD-4E39-8CF2-7045CE4D9DC1}.Debug|Any CPU.ActiveCfg = Debug|Any CPU
		{91E82EE2-36FD-4E39-8CF2-7045CE4D9DC1}.Debug|Any CPU.Build.0 = Debug|Any CPU
		{91E82EE2-36FD-4E39-8CF2-7045CE4D9DC1}.Release|Any CPU.ActiveCfg = Release|Any CPU
		{91E82EE2-36FD-4E39-8CF2-7045CE4D9DC1}.Release|Any CPU.Build.0 = Release|Any CPU
		{F6CC59D7-253A-4B50-A59F-48112B330323}.Debug|Any CPU.ActiveCfg = Debug|Any CPU
		{F6CC59D7-253A-4B50-A59F-48112B330323}.Debug|Any CPU.Build.0 = Debug|Any CPU
		{F6CC59D7-253A-4B50-A59F-48112B330323}.Release|Any CPU.ActiveCfg = Release|Any CPU
		{F6CC59D7-253A-4B50-A59F-48112B330323}.Release|Any CPU.Build.0 = Release|Any CPU
		{1D1B3DD4-45AC-488F-A976-856B2B211BF6}.Debug|Any CPU.ActiveCfg = Debug|Any CPU
		{1D1B3DD4-45AC-488F-A976-856B2B211BF6}.Debug|Any CPU.Build.0 = Debug|Any CPU
		{1D1B3DD4-45AC-488F-A976-856B2B211BF6}.Release|Any CPU.ActiveCfg = Release|Any CPU
		{1D1B3DD4-45AC-488F-A976-856B2B211BF6}.Release|Any CPU.Build.0 = Release|Any CPU
		{35DB8565-75FB-44B3-A844-0CB4E07A3C4F}.Debug|Any CPU.ActiveCfg = Debug|Any CPU
		{35DB8565-75FB-44B3-A844-0CB4E07A3C4F}.Debug|Any CPU.Build.0 = Debug|Any CPU
		{35DB8565-75FB-44B3-A844-0CB4E07A3C4F}.Release|Any CPU.ActiveCfg = Release|Any CPU
		{35DB8565-75FB-44B3-A844-0CB4E07A3C4F}.Release|Any CPU.Build.0 = Release|Any CPU
		{8092902A-6538-458A-A309-65CDEC75AF63}.Debug|Any CPU.ActiveCfg = Debug|Any CPU
		{8092902A-6538-458A-A309-65CDEC75AF63}.Debug|Any CPU.Build.0 = Debug|Any CPU
		{8092902A-6538-458A-A309-65CDEC75AF63}.Release|Any CPU.ActiveCfg = Release|Any CPU
		{8092902A-6538-458A-A309-65CDEC75AF63}.Release|Any CPU.Build.0 = Release|Any CPU
		{3EDC7E4A-27FA-4C95-AB3A-4A022629A3B5}.Debug|Any CPU.ActiveCfg = Debug|Any CPU
		{3EDC7E4A-27FA-4C95-AB3A-4A022629A3B5}.Debug|Any CPU.Build.0 = Debug|Any CPU
		{3EDC7E4A-27FA-4C95-AB3A-4A022629A3B5}.Release|Any CPU.ActiveCfg = Release|Any CPU
		{3EDC7E4A-27FA-4C95-AB3A-4A022629A3B5}.Release|Any CPU.Build.0 = Release|Any CPU
		{78DEF2E7-1487-4748-9E41-9FE961636279}.Debug|Any CPU.ActiveCfg = Debug|Any CPU
		{78DEF2E7-1487-4748-9E41-9FE961636279}.Debug|Any CPU.Build.0 = Debug|Any CPU
		{78DEF2E7-1487-4748-9E41-9FE961636279}.Release|Any CPU.ActiveCfg = Release|Any CPU
		{78DEF2E7-1487-4748-9E41-9FE961636279}.Release|Any CPU.Build.0 = Release|Any CPU
		{503DA02D-C804-4371-BF4D-72E13A45D0CC}.Debug|Any CPU.ActiveCfg = Debug|Any CPU
		{503DA02D-C804-4371-BF4D-72E13A45D0CC}.Debug|Any CPU.Build.0 = Debug|Any CPU
		{503DA02D-C804-4371-BF4D-72E13A45D0CC}.Release|Any CPU.ActiveCfg = Release|Any CPU
		{503DA02D-C804-4371-BF4D-72E13A45D0CC}.Release|Any CPU.Build.0 = Release|Any CPU
		{1071C5DB-1DF7-4059-AFFD-6486FBD99667}.Debug|Any CPU.ActiveCfg = Debug|Any CPU
		{1071C5DB-1DF7-4059-AFFD-6486FBD99667}.Debug|Any CPU.Build.0 = Debug|Any CPU
		{1071C5DB-1DF7-4059-AFFD-6486FBD99667}.Release|Any CPU.ActiveCfg = Release|Any CPU
		{1071C5DB-1DF7-4059-AFFD-6486FBD99667}.Release|Any CPU.Build.0 = Release|Any CPU
		{A9D52CC9-0AB6-4909-9F02-397938766B9F}.Debug|Any CPU.ActiveCfg = Debug|Any CPU
		{A9D52CC9-0AB6-4909-9F02-397938766B9F}.Debug|Any CPU.Build.0 = Debug|Any CPU
		{A9D52CC9-0AB6-4909-9F02-397938766B9F}.Release|Any CPU.ActiveCfg = Release|Any CPU
		{A9D52CC9-0AB6-4909-9F02-397938766B9F}.Release|Any CPU.Build.0 = Release|Any CPU
		{AEE3B0CE-CB1D-45CA-B612-8FA94889FE5A}.Debug|Any CPU.ActiveCfg = Debug|Any CPU
		{AEE3B0CE-CB1D-45CA-B612-8FA94889FE5A}.Debug|Any CPU.Build.0 = Debug|Any CPU
		{AEE3B0CE-CB1D-45CA-B612-8FA94889FE5A}.Release|Any CPU.ActiveCfg = Release|Any CPU
		{AEE3B0CE-CB1D-45CA-B612-8FA94889FE5A}.Release|Any CPU.Build.0 = Release|Any CPU
		{96B3CAD0-A43C-405F-89C5-263323B89F9D}.Debug|Any CPU.ActiveCfg = Debug|Any CPU
		{96B3CAD0-A43C-405F-89C5-263323B89F9D}.Debug|Any CPU.Build.0 = Debug|Any CPU
		{96B3CAD0-A43C-405F-89C5-263323B89F9D}.Release|Any CPU.ActiveCfg = Release|Any CPU
		{96B3CAD0-A43C-405F-89C5-263323B89F9D}.Release|Any CPU.Build.0 = Release|Any CPU
		{2A62B53E-4734-4F72-B545-61A7CE7DDEDF}.Debug|Any CPU.ActiveCfg = Debug|Any CPU
		{2A62B53E-4734-4F72-B545-61A7CE7DDEDF}.Debug|Any CPU.Build.0 = Debug|Any CPU
		{2A62B53E-4734-4F72-B545-61A7CE7DDEDF}.Release|Any CPU.ActiveCfg = Release|Any CPU
		{2A62B53E-4734-4F72-B545-61A7CE7DDEDF}.Release|Any CPU.Build.0 = Release|Any CPU
	EndGlobalSection
	GlobalSection(SolutionProperties) = preSolution
		HideSolutionNode = FALSE
	EndGlobalSection
	GlobalSection(ExtensibilityGlobals) = postSolution
		SolutionGuid = {15E43747-5BCF-4619-8008-2E5AB2521C6A}
	EndGlobalSection
EndGlobal
